
Microsoft Visual Studio Solution File, Format Version 12.00
# Visual Studio Version 16
VisualStudioVersion = 16.0.28531.58
MinimumVisualStudioVersion = 10.0.40219.1
Project("{FAE04EC0-301F-11D3-BF4B-00C04F79EFBC}") = "build", "build.csproj", "{B895E605-F598-483D-A309-9C16F7BCB2B2}"
EndProject
Global
	GlobalSection(SolutionConfigurationPlatforms) = preSolution
		Debug|Any CPU = Debug|Any CPU
		Release|Any CPU = Release|Any CPU
	EndGlobalSection
	GlobalSection(ProjectConfigurationPlatforms) = postSolution
		{B895E605-F598-483D-A309-9C16F7BCB2B2}.Debug|Any CPU.ActiveCfg = Debug|x86
		{B895E605-F598-483D-A309-9C16F7BCB2B2}.Debug|Any CPU.Build.0 = Debug|x86
		{B895E605-F598-483D-A309-9C16F7BCB2B2}.Release|Any CPU.ActiveCfg = Debug|x86
		{B895E605-F598-483D-A309-9C16F7BCB2B2}.Release|Any CPU.Build.0 = Debug|x86
	EndGlobalSection
	GlobalSection(SolutionProperties) = preSolution
		HideSolutionNode = FALSE
	EndGlobalSection
	GlobalSection(ExtensibilityGlobals) = postSolution
		        SolutionGuid = {B5379D9A-C51B-4878-992C-7EEDBD9E570A}
		SolutionGuid = {EE8E08F2-478B-4DB2-9438-78420AF6189E}
	EndGlobalSection
EndGlobal
